
Microsoft Visual Studio Solution File, Format Version 12.00
# Visual Studio 2012
Project("{FAE04EC0-301F-11D3-BF4B-00C04F79EFBC}") = "ASSYST", "ASSYST\ASSYST.csproj", "{DFC45903-68AB-44BB-A90F-7AB54C048420}"
EndProject
Global
	GlobalSection(SolutionConfigurationPlatforms) = preSolution
		Debug|Any CPU = Debug|Any CPU
		Release|Any CPU = Release|Any CPU
	EndGlobalSection
	GlobalSection(ProjectConfigurationPlatforms) = postSolution
		{DFC45903-68AB-44BB-A90F-7AB54C048420}.Debug|Any CPU.ActiveCfg = Debug|Any CPU
		{DFC45903-68AB-44BB-A90F-7AB54C048420}.Debug|Any CPU.Build.0 = Debug|Any CPU
		{DFC45903-68AB-44BB-A90F-7AB54C048420}.Release|Any CPU.ActiveCfg = Release|Any CPU
		{DFC45903-68AB-44BB-A90F-7AB54C048420}.Release|Any CPU.Build.0 = Release|Any CPU
	EndGlobalSection
	GlobalSection(SolutionProperties) = preSolution
		HideSolutionNode = FALSE
	EndGlobalSection
EndGlobal
